
Microsoft Visual Studio Solution File, Format Version 12.00
# Visual Studio 15
VisualStudioVersion = 15.0.28307.489
MinimumVisualStudioVersion = 10.0.40219.1
Project("{FAE04EC0-301F-11D3-BF4B-00C04F79EFBC}") = "FormDatos", "FormDatos\FormDatos.csproj", "{4B11E7E0-84D9-41A4-9AC9-21459212B241}"
EndProject
Global
	GlobalSection(SolutionConfigurationPlatforms) = preSolution
		Debug|Any CPU = Debug|Any CPU
		Release|Any CPU = Release|Any CPU
	EndGlobalSection
	GlobalSection(ProjectConfigurationPlatforms) = postSolution
		{4B11E7E0-84D9-41A4-9AC9-21459212B241}.Debug|Any CPU.ActiveCfg = Debug|Any CPU
		{4B11E7E0-84D9-41A4-9AC9-21459212B241}.Debug|Any CPU.Build.0 = Debug|Any CPU
		{4B11E7E0-84D9-41A4-9AC9-21459212B241}.Release|Any CPU.ActiveCfg = Release|Any CPU
		{4B11E7E0-84D9-41A4-9AC9-21459212B241}.Release|Any CPU.Build.0 = Release|Any CPU
	EndGlobalSection
	GlobalSection(SolutionProperties) = preSolution
		HideSolutionNode = FALSE
	EndGlobalSection
	GlobalSection(ExtensibilityGlobals) = postSolution
		SolutionGuid = {6821D996-7158-4200-A107-741D4093549C}
	EndGlobalSection
EndGlobal
